{
  "version": "5",
  "specifiers": {
    "npm:@mandel59/mojidata@1.6.2": "1.6.2"
  },
  "npm": {
    "@mandel59/mojidata@1.6.2": {
      "integrity": "sha512-NYDpEIyS+Oz/w5piYUbGJuadlFgmy0z3el6eIft9rmPIw6U/QfIGlHaMPWNyq7wZNBByrSSvzBCaS2Za73gmiA=="
    }
  },
  "workspace": {
    "dependencies": [
      "npm:@mandel59/mojidata@1.6.2"
    ]
  }
}
